
Microsoft Visual Studio Solution File, Format Version 12.00
# Visual Studio Version 17
VisualStudioVersion = 17.0.31903.59
MinimumVisualStudioVersion = 10.0.40219.1
Project("{FAE04EC0-301F-11D3-BF4B-00C04F79EFBC}") = "Api", "Api\Api.csproj", "{5AF5BB70-6DE0-49F7-BC81-6D2795B4007F}"
EndProject
Project("{FAE04EC0-301F-11D3-BF4B-00C04F79EFBC}") = "Application", "Application\Application.csproj", "{A5EB7B41-FABE-4AC9-9A4A-6F93B84ACFCA}"
EndProject
Project("{FAE04EC0-301F-11D3-BF4B-00C04F79EFBC}") = "Domain", "Domain\Domain.csproj", "{B1D7A392-4AD4-4674-9063-8A9F736DD2A9}"
EndProject
Project("{FAE04EC0-301F-11D3-BF4B-00C04F79EFBC}") = "Infrastructure", "Infrastructure\Infrastructure.csproj", "{813921C6-C4C2-4A50-ABC3-9D7100EF8524}"
EndProject
Global
	GlobalSection(SolutionConfigurationPlatforms) = preSolution
		Debug|Any CPU = Debug|Any CPU
		Debug|x64 = Debug|x64
		Debug|x86 = Debug|x86
		Release|Any CPU = Release|Any CPU
		Release|x64 = Release|x64
		Release|x86 = Release|x86
	EndGlobalSection
	GlobalSection(ProjectConfigurationPlatforms) = postSolution
		{5AF5BB70-6DE0-49F7-BC81-6D2795B4007F}.Debug|Any CPU.ActiveCfg = Debug|Any CPU
		{5AF5BB70-6DE0-49F7-BC81-6D2795B4007F}.Debug|Any CPU.Build.0 = Debug|Any CPU
		{5AF5BB70-6DE0-49F7-BC81-6D2795B4007F}.Debug|x64.ActiveCfg = Debug|Any CPU
		{5AF5BB70-6DE0-49F7-BC81-6D2795B4007F}.Debug|x64.Build.0 = Debug|Any CPU
		{5AF5BB70-6DE0-49F7-BC81-6D2795B4007F}.Debug|x86.ActiveCfg = Debug|Any CPU
		{5AF5BB70-6DE0-49F7-BC81-6D2795B4007F}.Debug|x86.Build.0 = Debug|Any CPU
		{5AF5BB70-6DE0-49F7-BC81-6D2795B4007F}.Release|Any CPU.ActiveCfg = Release|Any CPU
		{5AF5BB70-6DE0-49F7-BC81-6D2795B4007F}.Release|Any CPU.Build.0 = Release|Any CPU
		{5AF5BB70-6DE0-49F7-BC81-6D2795B4007F}.Release|x64.ActiveCfg = Release|Any CPU
		{5AF5BB70-6DE0-49F7-BC81-6D2795B4007F}.Release|x64.Build.0 = Release|Any CPU
		{5AF5BB70-6DE0-49F7-BC81-6D2795B4007F}.Release|x86.ActiveCfg = Release|Any CPU
		{5AF5BB70-6DE0-49F7-BC81-6D2795B4007F}.Release|x86.Build.0 = Release|Any CPU
		{A5EB7B41-FABE-4AC9-9A4A-6F93B84ACFCA}.Debug|Any CPU.ActiveCfg = Debug|Any CPU
		{A5EB7B41-FABE-4AC9-9A4A-6F93B84ACFCA}.Debug|Any CPU.Build.0 = Debug|Any CPU
		{A5EB7B41-FABE-4AC9-9A4A-6F93B84ACFCA}.Debug|x64.ActiveCfg = Debug|Any CPU
		{A5EB7B41-FABE-4AC9-9A4A-6F93B84ACFCA}.Debug|x64.Build.0 = Debug|Any CPU
		{A5EB7B41-FABE-4AC9-9A4A-6F93B84ACFCA}.Debug|x86.ActiveCfg = Debug|Any CPU
		{A5EB7B41-FABE-4AC9-9A4A-6F93B84ACFCA}.Debug|x86.Build.0 = Debug|Any CPU
		{A5EB7B41-FABE-4AC9-9A4A-6F93B84ACFCA}.Release|Any CPU.ActiveCfg = Release|Any CPU
		{A5EB7B41-FABE-4AC9-9A4A-6F93B84ACFCA}.Release|Any CPU.Build.0 = Release|Any CPU
		{A5EB7B41-FABE-4AC9-9A4A-6F93B84ACFCA}.Release|x64.ActiveCfg = Release|Any CPU
		{A5EB7B41-FABE-4AC9-9A4A-6F93B84ACFCA}.Release|x64.Build.0 = Release|Any CPU
		{A5EB7B41-FABE-4AC9-9A4A-6F93B84ACFCA}.Release|x86.ActiveCfg = Release|Any CPU
		{A5EB7B41-FABE-4AC9-9A4A-6F93B84ACFCA}.Release|x86.Build.0 = Release|Any CPU
		{B1D7A392-4AD4-4674-9063-8A9F736DD2A9}.Debug|Any CPU.ActiveCfg = Debug|Any CPU
		{B1D7A392-4AD4-4674-9063-8A9F736DD2A9}.Debug|Any CPU.Build.0 = Debug|Any CPU
		{B1D7A392-4AD4-4674-9063-8A9F736DD2A9}.Debug|x64.ActiveCfg = Debug|Any CPU
		{B1D7A392-4AD4-4674-9063-8A9F736DD2A9}.Debug|x64.Build.0 = Debug|Any CPU
		{B1D7A392-4AD4-4674-9063-8A9F736DD2A9}.Debug|x86.ActiveCfg = Debug|Any CPU
		{B1D7A392-4AD4-4674-9063-8A9F736DD2A9}.Debug|x86.Build.0 = Debug|Any CPU
		{B1D7A392-4AD4-4674-9063-8A9F736DD2A9}.Release|Any CPU.ActiveCfg = Release|Any CPU
		{B1D7A392-4AD4-4674-9063-8A9F736DD2A9}.Release|Any CPU.Build.0 = Release|Any CPU
		{B1D7A392-4AD4-4674-9063-8A9F736DD2A9}.Release|x64.ActiveCfg = Release|Any CPU
		{B1D7A392-4AD4-4674-9063-8A9F736DD2A9}.Release|x64.Build.0 = Release|Any CPU
		{B1D7A392-4AD4-4674-9063-8A9F736DD2A9}.Release|x86.ActiveCfg = Release|Any CPU
		{B1D7A392-4AD4-4674-9063-8A9F736DD2A9}.Release|x86.Build.0 = Release|Any CPU
		{813921C6-C4C2-4A50-ABC3-9D7100EF8524}.Debug|Any CPU.ActiveCfg = Debug|Any CPU
		{813921C6-C4C2-4A50-ABC3-9D7100EF8524}.Debug|Any CPU.Build.0 = Debug|Any CPU
		{813921C6-C4C2-4A50-ABC3-9D7100EF8524}.Debug|x64.ActiveCfg = Debug|Any CPU
		{813921C6-C4C2-4A50-ABC3-9D7100EF8524}.Debug|x64.Build.0 = Debug|Any CPU
		{813921C6-C4C2-4A50-ABC3-9D7100EF8524}.Debug|x86.ActiveCfg = Debug|Any CPU
		{813921C6-C4C2-4A50-ABC3-9D7100EF8524}.Debug|x86.Build.0 = Debug|Any CPU
		{813921C6-C4C2-4A50-ABC3-9D7100EF8524}.Release|Any CPU.ActiveCfg = Release|Any CPU
		{813921C6-C4C2-4A50-ABC3-9D7100EF8524}.Release|Any CPU.Build.0 = Release|Any CPU
		{813921C6-C4C2-4A50-ABC3-9D7100EF8524}.Release|x64.ActiveCfg = Release|Any CPU
		{813921C6-C4C2-4A50-ABC3-9D7100EF8524}.Release|x64.Build.0 = Release|Any CPU
		{813921C6-C4C2-4A50-ABC3-9D7100EF8524}.Release|x86.ActiveCfg = Release|Any CPU
		{813921C6-C4C2-4A50-ABC3-9D7100EF8524}.Release|x86.Build.0 = Release|Any CPU
	EndGlobalSection
	GlobalSection(SolutionProperties) = preSolution
		HideSolutionNode = FALSE
	EndGlobalSection
	GlobalSection(ExtensibilityGlobals) = postSolution
		SolutionGuid = {E105F234-9CE2-4B6C-8E4A-8ED68EF1C82C}
	EndGlobalSection
EndGlobal
